
Microsoft Visual Studio Solution File, Format Version 12.00
# Visual Studio Version 16
VisualStudioVersion = 16.0.31515.178
MinimumVisualStudioVersion = 10.0.40219.1
Project("{FAE04EC0-301F-11D3-BF4B-00C04F79EFBC}") = "Task_2", "Task_2\Task_2.csproj", "{1912A668-BD64-4CE5-B146-20E3D58FA290}"
EndProject
Global
	GlobalSection(SolutionConfigurationPlatforms) = preSolution
		Debug|Any CPU = Debug|Any CPU
		Release|Any CPU = Release|Any CPU
	EndGlobalSection
	GlobalSection(ProjectConfigurationPlatforms) = postSolution
		{1912A668-BD64-4CE5-B146-20E3D58FA290}.Debug|Any CPU.ActiveCfg = Debug|Any CPU
		{1912A668-BD64-4CE5-B146-20E3D58FA290}.Debug|Any CPU.Build.0 = Debug|Any CPU
		{1912A668-BD64-4CE5-B146-20E3D58FA290}.Release|Any CPU.ActiveCfg = Release|Any CPU
		{1912A668-BD64-4CE5-B146-20E3D58FA290}.Release|Any CPU.Build.0 = Release|Any CPU
	EndGlobalSection
	GlobalSection(SolutionProperties) = preSolution
		HideSolutionNode = FALSE
	EndGlobalSection
	GlobalSection(ExtensibilityGlobals) = postSolution
		SolutionGuid = {ED972848-9D19-451B-B286-F2B2F8B428ED}
	EndGlobalSection
EndGlobal
