
Microsoft Visual Studio Solution File, Format Version 12.00
# Visual Studio Version 16
VisualStudioVersion = 16.0.31515.178
MinimumVisualStudioVersion = 10.0.40219.1
Project("{FAE04EC0-301F-11D3-BF4B-00C04F79EFBC}") = "Task_26", "Task_26\Task_26.csproj", "{13F4B72F-25D4-47DD-9772-053500E8CE48}"
EndProject
Global
	GlobalSection(SolutionConfigurationPlatforms) = preSolution
		Debug|Any CPU = Debug|Any CPU
		Release|Any CPU = Release|Any CPU
	EndGlobalSection
	GlobalSection(ProjectConfigurationPlatforms) = postSolution
		{13F4B72F-25D4-47DD-9772-053500E8CE48}.Debug|Any CPU.ActiveCfg = Debug|Any CPU
		{13F4B72F-25D4-47DD-9772-053500E8CE48}.Debug|Any CPU.Build.0 = Debug|Any CPU
		{13F4B72F-25D4-47DD-9772-053500E8CE48}.Release|Any CPU.ActiveCfg = Release|Any CPU
		{13F4B72F-25D4-47DD-9772-053500E8CE48}.Release|Any CPU.Build.0 = Release|Any CPU
	EndGlobalSection
	GlobalSection(SolutionProperties) = preSolution
		HideSolutionNode = FALSE
	EndGlobalSection
	GlobalSection(ExtensibilityGlobals) = postSolution
		SolutionGuid = {2543C3A9-BD1E-481B-9B06-9D7D99B28F40}
	EndGlobalSection
EndGlobal
